
Microsoft Visual Studio Solution File, Format Version 12.00
# Visual Studio 14
VisualStudioVersion = 14.0.24720.0
MinimumVisualStudioVersion = 10.0.40219.1
Project("{FAE04EC0-301F-11D3-BF4B-00C04F79EFBC}") = "Truffle", "Blacksink\Truffle.csproj", "{EBFA6155-4943-4B59-9820-1BE5A3D9C8B3}"
EndProject
Project("{E24C65DC-7377-472B-9ABA-BC803B73C61A}") = "HTML", "..\HTML\", "{2A7D9107-6BB1-4A0E-B98D-02144A452BF7}"
	ProjectSection(WebsiteProperties) = preProject
		TargetFrameworkMoniker = ".NETFramework,Version%3Dv4.5.2"
		Debug.AspNetCompiler.VirtualPath = "/localhost_61210"
		Debug.AspNetCompiler.PhysicalPath = "..\HTML\"
		Debug.AspNetCompiler.TargetPath = "PrecompiledWeb\localhost_61210\"
		Debug.AspNetCompiler.Updateable = "true"
		Debug.AspNetCompiler.ForceOverwrite = "true"
		Debug.AspNetCompiler.FixedNames = "false"
		Debug.AspNetCompiler.Debug = "True"
		Release.AspNetCompiler.VirtualPath = "/localhost_61210"
		Release.AspNetCompiler.PhysicalPath = "..\HTML\"
		Release.AspNetCompiler.TargetPath = "PrecompiledWeb\localhost_61210\"
		Release.AspNetCompiler.Updateable = "true"
		Release.AspNetCompiler.ForceOverwrite = "true"
		Release.AspNetCompiler.FixedNames = "false"
		Release.AspNetCompiler.Debug = "False"
		VWDPort = "61210"
		SlnRelativePath = "..\HTML\"
		DefaultWebSiteLanguage = "Visual C#"
	EndProjectSection
EndProject
Global
	GlobalSection(SolutionConfigurationPlatforms) = preSolution
		Debug|Any CPU = Debug|Any CPU
		Debug|x64 = Debug|x64
		Release|Any CPU = Release|Any CPU
		Release|x64 = Release|x64
	EndGlobalSection
	GlobalSection(ProjectConfigurationPlatforms) = postSolution
		{EBFA6155-4943-4B59-9820-1BE5A3D9C8B3}.Debug|Any CPU.ActiveCfg = Debug|Any CPU
		{EBFA6155-4943-4B59-9820-1BE5A3D9C8B3}.Debug|Any CPU.Build.0 = Debug|Any CPU
		{EBFA6155-4943-4B59-9820-1BE5A3D9C8B3}.Debug|x64.ActiveCfg = Debug|x64
		{EBFA6155-4943-4B59-9820-1BE5A3D9C8B3}.Debug|x64.Build.0 = Debug|x64
		{EBFA6155-4943-4B59-9820-1BE5A3D9C8B3}.Release|Any CPU.ActiveCfg = Release|Any CPU
		{EBFA6155-4943-4B59-9820-1BE5A3D9C8B3}.Release|Any CPU.Build.0 = Release|Any CPU
		{EBFA6155-4943-4B59-9820-1BE5A3D9C8B3}.Release|x64.ActiveCfg = Release|x64
		{EBFA6155-4943-4B59-9820-1BE5A3D9C8B3}.Release|x64.Build.0 = Release|x64
		{2A7D9107-6BB1-4A0E-B98D-02144A452BF7}.Debug|Any CPU.ActiveCfg = Debug|Any CPU
		{2A7D9107-6BB1-4A0E-B98D-02144A452BF7}.Debug|Any CPU.Build.0 = Debug|Any CPU
		{2A7D9107-6BB1-4A0E-B98D-02144A452BF7}.Debug|x64.ActiveCfg = Debug|Any CPU
		{2A7D9107-6BB1-4A0E-B98D-02144A452BF7}.Debug|x64.Build.0 = Debug|Any CPU
		{2A7D9107-6BB1-4A0E-B98D-02144A452BF7}.Release|Any CPU.ActiveCfg = Debug|Any CPU
		{2A7D9107-6BB1-4A0E-B98D-02144A452BF7}.Release|Any CPU.Build.0 = Debug|Any CPU
		{2A7D9107-6BB1-4A0E-B98D-02144A452BF7}.Release|x64.ActiveCfg = Debug|Any CPU
		{2A7D9107-6BB1-4A0E-B98D-02144A452BF7}.Release|x64.Build.0 = Debug|Any CPU
	EndGlobalSection
	GlobalSection(SolutionProperties) = preSolution
		HideSolutionNode = FALSE
	EndGlobalSection
EndGlobal
